PODS:
  - boost-for-react-native (1.63.0)
  - DoubleConversion (1.1.6)
  - FBLazyVector (0.63.9)
  - FBReactNativeSpec (0.63.9):
    - Folly (= 2020.01.13.00)
    - RCTRequired (= 0.63.9)
    - RCTTypeSafety (= 0.63.9)
    - React-Core (= 0.63.9)
    - React-jsi (= 0.63.9)
    - ReactCommon/turbomodule/core (= 0.63.9)
  - Folly (2020.01.13.00):
    - boost-for-react-native
    - DoubleConversion
    - Folly/Default (= 2020.01.13.00)
    - glog
  - Folly/Default (2020.01.13.00):
    - boost-for-react-native
    - DoubleConversion
    - glog
  - glog (0.3.5)
  - MedRNBase (0.20.9):
    - React-Core
  - RCTRequired (0.63.9)
  - RCTTypeSafety (0.63.9):
    - FBLazyVector (= 0.63.9)
    - Folly (= 2020.01.13.00)
    - RCTRequired (= 0.63.9)
    - React-Core (= 0.63.9)
  - React (0.63.9):
    - React-Core (= 0.63.9)
    - React-Core/DevSupport (= 0.63.9)
    - React-Core/RCTWebSocket (= 0.63.9)
    - React-RCTActionSheet (= 0.63.9)
    - React-RCTAnimation (= 0.63.9)
    - React-RCTBlob (= 0.63.9)
    - React-RCTImage (= 0.63.9)
    - React-RCTLinking (= 0.63.9)
    - React-RCTNetwork (= 0.63.9)
    - React-RCTSettings (= 0.63.9)
    - React-RCTText (= 0.63.9)
    - React-RCTVibration (= 0.63.9)
  - React-callinvoker (0.63.9)
  - React-Core (0.63.9):
    - Folly (= 2020.01.13.00)
    - glog
    - React-Core/Default (= 0.63.9)
    - React-cxxreact (= 0.63.9)
    - React-jsi (= 0.63.9)
    - React-jsiexecutor (= 0.63.9)
    - Yoga
  - React-Core/CoreModulesHeaders (0.63.9):
    - Folly (= 2020.01.13.00)
    - glog
    - React-Core/Default
    - React-cxxreact (= 0.63.9)
    - React-jsi (= 0.63.9)
    - React-jsiexecutor (= 0.63.9)
    - Yoga
  - React-Core/Default (0.63.9):
    - Folly (= 2020.01.13.00)
    - glog
    - React-cxxreact (= 0.63.9)
    - React-jsi (= 0.63.9)
    - React-jsiexecutor (= 0.63.9)
    - Yoga
  - React-Core/DevSupport (0.63.9):
    - Folly (= 2020.01.13.00)
    - glog
    - React-Core/Default (= 0.63.9)
    - React-Core/RCTWebSocket (= 0.63.9)
    - React-cxxreact (= 0.63.9)
    - React-jsi (= 0.63.9)
    - React-jsiexecutor (= 0.63.9)
    - React-jsinspector (= 0.63.9)
    - Yoga
  - React-Core/RCTActionSheetHeaders (0.63.9):
    - Folly (= 2020.01.13.00)
    - glog
    - React-Core/Default
    - React-cxxreact (= 0.63.9)
    - React-jsi (= 0.63.9)
    - React-jsiexecutor (= 0.63.9)
    - Yoga
  - React-Core/RCTAnimationHeaders (0.63.9):
    - Folly (= 2020.01.13.00)
    - glog
    - React-Core/Default
    - React-cxxreact (= 0.63.9)
    - React-jsi (= 0.63.9)
    - React-jsiexecutor (= 0.63.9)
    - Yoga
  - React-Core/RCTBlobHeaders (0.63.9):
    - Folly (= 2020.01.13.00)
    - glog
    - React-Core/Default
    - React-cxxreact (= 0.63.9)
    - React-jsi (= 0.63.9)
    - React-jsiexecutor (= 0.63.9)
    - Yoga
  - React-Core/RCTImageHeaders (0.63.9):
    - Folly (= 2020.01.13.00)
    - glog
    - React-Core/Default
    - React-cxxreact (= 0.63.9)
    - React-jsi (= 0.63.9)
    - React-jsiexecutor (= 0.63.9)
    - Yoga
  - React-Core/RCTLinkingHeaders (0.63.9):
    - Folly (= 2020.01.13.00)
    - glog
    - React-Core/Default
    - React-cxxreact (= 0.63.9)
    - React-jsi (= 0.63.9)
    - React-jsiexecutor (= 0.63.9)
    - Yoga
  - React-Core/RCTNetworkHeaders (0.63.9):
    - Folly (= 2020.01.13.00)
    - glog
    - React-Core/Default
    - React-cxxreact (= 0.63.9)
    - React-jsi (= 0.63.9)
    - React-jsiexecutor (= 0.63.9)
    - Yoga
  - React-Core/RCTSettingsHeaders (0.63.9):
    - Folly (= 2020.01.13.00)
    - glog
    - React-Core/Default
    - React-cxxreact (= 0.63.9)
    - React-jsi (= 0.63.9)
    - React-jsiexecutor (= 0.63.9)
    - Yoga
  - React-Core/RCTTextHeaders (0.63.9):
    - Folly (= 2020.01.13.00)
    - glog
    - React-Core/Default
    - React-cxxreact (= 0.63.9)
    - React-jsi (= 0.63.9)
    - React-jsiexecutor (= 0.63.9)
    - Yoga
  - React-Core/RCTVibrationHeaders (0.63.9):
    - Folly (= 2020.01.13.00)
    - glog
    - React-Core/Default
    - React-cxxreact (= 0.63.9)
    - React-jsi (= 0.63.9)
    - React-jsiexecutor (= 0.63.9)
    - Yoga
  - React-Core/RCTWebSocket (0.63.9):
    - Folly (= 2020.01.13.00)
    - glog
    - React-Core/Default (= 0.63.9)
    - React-cxxreact (= 0.63.9)
    - React-jsi (= 0.63.9)
    - React-jsiexecutor (= 0.63.9)
    - Yoga
  - React-CoreModules (0.63.9):
    - FBReactNativeSpec (= 0.63.9)
    - Folly (= 2020.01.13.00)
    - RCTTypeSafety (= 0.63.9)
    - React-Core/CoreModulesHeaders (= 0.63.9)
    - React-jsi (= 0.63.9)
    - React-RCTImage (= 0.63.9)
    - ReactCommon/turbomodule/core (= 0.63.9)
  - React-cxxreact (0.63.9):
    - boost-for-react-native (= 1.63.0)
    - DoubleConversion
    - Folly (= 2020.01.13.00)
    - glog
    - React-callinvoker (= 0.63.9)
    - React-jsinspector (= 0.63.9)
  - React-jsi (0.63.9):
    - boost-for-react-native (= 1.63.0)
    - DoubleConversion
    - Folly (= 2020.01.13.00)
    - glog
    - React-jsi/Default (= 0.63.9)
  - React-jsi/Default (0.63.9):
    - boost-for-react-native (= 1.63.0)
    - DoubleConversion
    - Folly (= 2020.01.13.00)
    - glog
  - React-jsiexecutor (0.63.9):
    - DoubleConversion
    - Folly (= 2020.01.13.00)
    - glog
    - React-cxxreact (= 0.63.9)
    - React-jsi (= 0.63.9)
  - React-jsinspector (0.63.9)
  - react-native-cameraroll (4.1.2):
    - React-Core
  - react-native-cookies (5.0.1):
    - React-Core
  - react-native-netinfo (6.2.1):
    - React-Core
  - react-native-orientation (3.1.3):
    - React
  - react-native-pager-view (5.2.1):
    - React-Core
  - react-native-plus (0.1.0):
    - React-Core
  - react-native-slider (4.2.1):
    - React-Core
  - react-native-video (2.3.1):
    - React
  - react-native-view-shot (3.1.2):
    - React
  - react-native-webview (10.10.2):
    - React-Core
  - React-RCTActionSheet (0.63.9):
    - React-Core/RCTActionSheetHeaders (= 0.63.9)
  - React-RCTAnimation (0.63.9):
    - FBReactNativeSpec (= 0.63.9)
    - Folly (= 2020.01.13.00)
    - RCTTypeSafety (= 0.63.9)
    - React-Core/RCTAnimationHeaders (= 0.63.9)
    - React-jsi (= 0.63.9)
    - ReactCommon/turbomodule/core (= 0.63.9)
  - React-RCTBlob (0.63.9):
    - FBReactNativeSpec (= 0.63.9)
    - Folly (= 2020.01.13.00)
    - React-Core/RCTBlobHeaders (= 0.63.9)
    - React-Core/RCTWebSocket (= 0.63.9)
    - React-jsi (= 0.63.9)
    - React-RCTNetwork (= 0.63.9)
    - ReactCommon/turbomodule/core (= 0.63.9)
  - React-RCTImage (0.63.9):
    - FBReactNativeSpec (= 0.63.9)
    - Folly (= 2020.01.13.00)
    - RCTTypeSafety (= 0.63.9)
    - React-Core/RCTImageHeaders (= 0.63.9)
    - React-jsi (= 0.63.9)
    - React-RCTNetwork (= 0.63.9)
    - ReactCommon/turbomodule/core (= 0.63.9)
  - React-RCTLinking (0.63.9):
    - FBReactNativeSpec (= 0.63.9)
    - React-Core/RCTLinkingHeaders (= 0.63.9)
    - React-jsi (= 0.63.9)
    - ReactCommon/turbomodule/core (= 0.63.9)
  - React-RCTNetwork (0.63.9):
    - FBReactNativeSpec (= 0.63.9)
    - Folly (= 2020.01.13.00)
    - RCTTypeSafety (= 0.63.9)
    - React-Core/RCTNetworkHeaders (= 0.63.9)
    - React-jsi (= 0.63.9)
    - ReactCommon/turbomodule/core (= 0.63.9)
  - React-RCTSettings (0.63.9):
    - FBReactNativeSpec (= 0.63.9)
    - Folly (= 2020.01.13.00)
    - RCTTypeSafety (= 0.63.9)
    - React-Core/RCTSettingsHeaders (= 0.63.9)
    - React-jsi (= 0.63.9)
    - ReactCommon/turbomodule/core (= 0.63.9)
  - React-RCTText (0.63.9):
    - React-Core/RCTTextHeaders (= 0.63.9)
  - React-RCTVibration (0.63.9):
    - FBReactNativeSpec (= 0.63.9)
    - Folly (= 2020.01.13.00)
    - React-Core/RCTVibrationHeaders (= 0.63.9)
    - React-jsi (= 0.63.9)
    - ReactCommon/turbomodule/core (= 0.63.9)
  - ReactCommon/turbomodule/core (0.63.9):
    - DoubleConversion
    - Folly (= 2020.01.13.00)
    - glog
    - React-callinvoker (= 0.63.9)
    - React-Core (= 0.63.9)
    - React-cxxreact (= 0.63.9)
    - React-jsi (= 0.63.9)
  - ReactNativeART (1.2.0):
    - React
  - RNCAsyncStorage (1.12.1):
    - React-Core
  - RNCClipboard (1.5.1):
    - React-Core
  - RNGestureHandler (1.10.3):
    - React-Core
  - RNReanimated (1.13.4):
    - React-Core
  - RNSentry (3.3.0):
    - React-Core
    - Sentry (= 7.10.0)
  - RNSound (0.11.2):
    - React-Core
    - RNSound/Core (= 0.11.2)
  - RNSound/Core (0.11.2):
    - React-Core
  - RNSVG (9.13.6):
    - React
  - Sentry (7.10.0):
    - Sentry/Core (= 7.10.0)
  - Sentry/Core (7.10.0)
  - Yoga (1.14.0)

DEPENDENCIES:
  - DoubleConversion (from `../node_modules/react-native/third-party-podspecs/DoubleConversion.podspec`)
  - FBLazyVector (from `../node_modules/react-native/Libraries/FBLazyVector`)
  - FBReactNativeSpec (from `../node_modules/react-native/Libraries/FBReactNativeSpec`)
  - Folly (from `../node_modules/react-native/third-party-podspecs/Folly.podspec`)
  - glog (from `../node_modules/react-native/third-party-podspecs/glog.podspec`)
  - "MedRNBase (from `../node_modules/@medlinker/rn-base`)"
  - RCTRequired (from `../node_modules/react-native/Libraries/RCTRequired`)
  - RCTTypeSafety (from `../node_modules/react-native/Libraries/TypeSafety`)
  - React (from `../node_modules/react-native/`)
  - React-callinvoker (from `../node_modules/react-native/ReactCommon/callinvoker`)
  - React-Core (from `../node_modules/react-native/`)
  - React-Core/DevSupport (from `../node_modules/react-native/`)
  - React-Core/RCTWebSocket (from `../node_modules/react-native/`)
  - React-CoreModules (from `../node_modules/react-native/React/CoreModules`)
  - React-cxxreact (from `../node_modules/react-native/ReactCommon/cxxreact`)
  - React-jsi (from `../node_modules/react-native/ReactCommon/jsi`)
  - React-jsiexecutor (from `../node_modules/react-native/ReactCommon/jsiexecutor`)
  - React-jsinspector (from `../node_modules/react-native/ReactCommon/jsinspector`)
  - "react-native-cameraroll (from `../node_modules/@react-native-community/cameraroll`)"
  - "react-native-cookies (from `../node_modules/@react-native-community/cookies`)"
  - "react-native-netinfo (from `../node_modules/@react-native-community/netinfo`)"
  - react-native-orientation (from `../node_modules/react-native-orientation`)
  - react-native-pager-view (from `../node_modules/react-native-pager-view`)
  - react-native-plus (from `../node_modules/react-native-plus`)
  - "react-native-slider (from `../node_modules/@react-native-community/slider`)"
  - react-native-video (from `../node_modules/react-native-video`)
  - react-native-view-shot (from `../node_modules/react-native-view-shot`)
  - react-native-webview (from `../node_modules/react-native-webview`)
  - React-RCTActionSheet (from `../node_modules/react-native/Libraries/ActionSheetIOS`)
  - React-RCTAnimation (from `../node_modules/react-native/Libraries/NativeAnimation`)
  - React-RCTBlob (from `../node_modules/react-native/Libraries/Blob`)
  - React-RCTImage (from `../node_modules/react-native/Libraries/Image`)
  - React-RCTLinking (from `../node_modules/react-native/Libraries/LinkingIOS`)
  - React-RCTNetwork (from `../node_modules/react-native/Libraries/Network`)
  - React-RCTSettings (from `../node_modules/react-native/Libraries/Settings`)
  - React-RCTText (from `../node_modules/react-native/Libraries/Text`)
  - React-RCTVibration (from `../node_modules/react-native/Libraries/Vibration`)
  - ReactCommon/turbomodule/core (from `../node_modules/react-native/ReactCommon`)
  - "ReactNativeART (from `../node_modules/@react-native-community/art`)"
  - "RNCAsyncStorage (from `../node_modules/@react-native-community/async-storage`)"
  - "RNCClipboard (from `../node_modules/@react-native-community/clipboard`)"
  - RNGestureHandler (from `../node_modules/react-native-gesture-handler`)
  - RNReanimated (from `../node_modules/react-native-reanimated`)
  - "RNSentry (from `../node_modules/@sentry/react-native`)"
  - RNSound (from `../node_modules/react-native-sound`)
  - RNSVG (from `../node_modules/react-native-svg`)
  - Yoga (from `../node_modules/react-native/ReactCommon/yoga`)

SPEC REPOS:
  trunk:
    - boost-for-react-native
    - Sentry

EXTERNAL SOURCES:
  DoubleConversion:
    :podspec: "../node_modules/react-native/third-party-podspecs/DoubleConversion.podspec"
  FBLazyVector:
    :path: "../node_modules/react-native/Libraries/FBLazyVector"
  FBReactNativeSpec:
    :path: "../node_modules/react-native/Libraries/FBReactNativeSpec"
  Folly:
    :podspec: "../node_modules/react-native/third-party-podspecs/Folly.podspec"
  glog:
    :podspec: "../node_modules/react-native/third-party-podspecs/glog.podspec"
  MedRNBase:
    :path: "../node_modules/@medlinker/rn-base"
  RCTRequired:
    :path: "../node_modules/react-native/Libraries/RCTRequired"
  RCTTypeSafety:
    :path: "../node_modules/react-native/Libraries/TypeSafety"
  React:
    :path: "../node_modules/react-native/"
  React-callinvoker:
    :path: "../node_modules/react-native/ReactCommon/callinvoker"
  React-Core:
    :path: "../node_modules/react-native/"
  React-CoreModules:
    :path: "../node_modules/react-native/React/CoreModules"
  React-cxxreact:
    :path: "../node_modules/react-native/ReactCommon/cxxreact"
  React-jsi:
    :path: "../node_modules/react-native/ReactCommon/jsi"
  React-jsiexecutor:
    :path: "../node_modules/react-native/ReactCommon/jsiexecutor"
  React-jsinspector:
    :path: "../node_modules/react-native/ReactCommon/jsinspector"
  react-native-cameraroll:
    :path: "../node_modules/@react-native-community/cameraroll"
  react-native-cookies:
    :path: "../node_modules/@react-native-community/cookies"
  react-native-netinfo:
    :path: "../node_modules/@react-native-community/netinfo"
  react-native-orientation:
    :path: "../node_modules/react-native-orientation"
  react-native-pager-view:
    :path: "../node_modules/react-native-pager-view"
  react-native-plus:
    :path: "../node_modules/react-native-plus"
  react-native-slider:
    :path: "../node_modules/@react-native-community/slider"
  react-native-video:
    :path: "../node_modules/react-native-video"
  react-native-view-shot:
    :path: "../node_modules/react-native-view-shot"
  react-native-webview:
    :path: "../node_modules/react-native-webview"
  React-RCTActionSheet:
    :path: "../node_modules/react-native/Libraries/ActionSheetIOS"
  React-RCTAnimation:
    :path: "../node_modules/react-native/Libraries/NativeAnimation"
  React-RCTBlob:
    :path: "../node_modules/react-native/Libraries/Blob"
  React-RCTImage:
    :path: "../node_modules/react-native/Libraries/Image"
  React-RCTLinking:
    :path: "../node_modules/react-native/Libraries/LinkingIOS"
  React-RCTNetwork:
    :path: "../node_modules/react-native/Libraries/Network"
  React-RCTSettings:
    :path: "../node_modules/react-native/Libraries/Settings"
  React-RCTText:
    :path: "../node_modules/react-native/Libraries/Text"
  React-RCTVibration:
    :path: "../node_modules/react-native/Libraries/Vibration"
  ReactCommon:
    :path: "../node_modules/react-native/ReactCommon"
  ReactNativeART:
    :path: "../node_modules/@react-native-community/art"
  RNCAsyncStorage:
    :path: "../node_modules/@react-native-community/async-storage"
  RNCClipboard:
    :path: "../node_modules/@react-native-community/clipboard"
  RNGestureHandler:
    :path: "../node_modules/react-native-gesture-handler"
  RNReanimated:
    :path: "../node_modules/react-native-reanimated"
  RNSentry:
    :path: "../node_modules/@sentry/react-native"
  RNSound:
    :path: "../node_modules/react-native-sound"
  RNSVG:
    :path: "../node_modules/react-native-svg"
  Yoga:
    :path: "../node_modules/react-native/ReactCommon/yoga"

SPEC CHECKSUMS:
  boost-for-react-native: 39c7adb57c4e60d6c5479dd8623128eb5b3f0f2c
  DoubleConversion: 5b228d0bed3caa65961d570dd5f93260abb5f86f
  FBLazyVector: 0d6f187ce1f79d9fc2b2dbaab094b5191b18bcdc
  FBReactNativeSpec: fd52446e81c605ba9f0769c67de98229427fcd83
  Folly: 21a84cbabef151e73882efd049d51bb1be17e8ab
  glog: e8b8d2715feebf63f4fd87b0ef0281939436cd1d
  MedRNBase: 7b4764f05277e92ecefbb249d679028d24da7aec
  RCTRequired: 19b97d250a2a2ab15dd19b89fefa288030da090d
  RCTTypeSafety: 39a51624355deb131ff797fa8102ca86cd21aaa3
  React: db97eb241934beba483f12d11d593acd139082ad
  React-callinvoker: af1326f6cb3895e916502b37ab1d3d3328a58b06
  React-Core: 254b9e538dba1258767a6da8ef1f5ed6253b807d
  React-CoreModules: 3192aac69455c1f41a9eefeaf93df1e1e94bc209
  React-cxxreact: 523ffe6494d5cd5df494ea329d02e54d5cc444dc
  React-jsi: bfac72506560bd83a8c400729f31e97b25dbbbd5
  React-jsiexecutor: b8605e0ee3f0964d749e30896ed5401054214ec5
  React-jsinspector: ea6fbec4aa33dd31757415b8efa33f55a1f406b1
  react-native-cameraroll: 2957f2bce63ae896a848fbe0d5352c1bd4d20866
  react-native-cookies: ce50e42ace7cf0dd47769260ca5bbe8eee607e4e
  react-native-netinfo: 3d3769f0d65de15c83a9bf1346f8be71de5a24bf
  react-native-orientation: f1caf84d65f1a4fd4511a18f2b924e634ad7a628
  react-native-pager-view: 2864530d861ab2970beb2cd0b4cf2292cd30cd84
  react-native-plus: d8941b8c04857bc9d2f3763da8919b939d959d4f
  react-native-slider: 241935e3ea8e47599c317f512f96ee8de607d4cb
  react-native-video: a6cae6575a8e86cdb5a3d6acf85ea9ea40a15e50
  react-native-view-shot: 4475fde003fe8a210053d1f98fb9e06c1d834e1c
  react-native-webview: 0aa2cde4ee7e3e1c5fffdf64dbce9c709aa18155
  React-RCTActionSheet: f13a5146d950320cb8c64e9f4edb8caed51d91db
  React-RCTAnimation: 2fe131b905c1fd0041a4d59ff704ed42d1e3bb41
  React-RCTBlob: 85e094530ba6f71c0038bdd45bf4ad8b51a37ba1
  React-RCTImage: f3c1155dfbb974bd4c0ef86bbd58a1c4f25b46a3
  React-RCTLinking: 67416025dfe7ecbc722063f830e4280b9ed8cec2
  React-RCTNetwork: ff56c65a61014595703ed3b039eba503c899fad9
  React-RCTSettings: 5a0d9157c09ed51dc99863eeb9eae29adb72de37
  React-RCTText: b6ae06b009bac2369e6373015a396eedb97e0c8e
  React-RCTVibration: fe012158a6aaa22edf97623b26e2e82a2df35e02
  ReactCommon: 7a2d2fc82da99317341f2b75940bb54ca12afec7
  ReactNativeART: 78edc68dd4a1e675338cd0cd113319cf3a65f2ab
  RNCAsyncStorage: b03032fdbdb725bea0bd9e5ec5a7272865ae7398
  RNCClipboard: 41d8d918092ae8e676f18adada19104fa3e68495
  RNGestureHandler: a479ebd5ed4221a810967000735517df0d2db211
  RNReanimated: c1b56d030d1616239861534d9adb531f8cffab68
  RNSentry: 143980f2f98320eaaf10ccf7235dfc7f68b5ffa5
  RNSound: 6c156f925295bdc83e8e422e7d8b38d33bc71852
  RNSVG: 8ba35cbeb385a52fd960fd28db9d7d18b4c2974f
  Sentry: 6ff0eac197e699126c024993eba40a7462e92941
  Yoga: 3857ed76ccc3696336390ea8e4aa2e04ac565eab

PODFILE CHECKSUM: 10be010de69cbed1bc5c2b1f7d577da9fe362fac

COCOAPODS: 1.11.2
